PODS:
  - ALSThirdParty (0.0.1):
    - ALSThirdParty/Core (= 0.0.1)
  - ALSThirdParty/Core (0.0.1)

DEPENDENCIES:
  - ALSThirdParty (from `../`)

EXTERNAL SOURCES:
  ALSThirdParty:
    :path: "../"

SPEC CHECKSUMS:
  ALSThirdParty: ddd45a51f5a9708f363f7e76843e73e3ca42f417

PODFILE CHECKSUM: 9b21ec110ec48b461c29559070ac3bc5d0a462e1

COCOAPODS: 1.2.1
